
Microsoft Visual Studio Solution File, Format Version 12.00
# Visual Studio Version 16
VisualStudioVersion = 16.0.31205.134
MinimumVisualStudioVersion = 10.0.40219.1
Project("{FAE04EC0-301F-11D3-BF4B-00C04F79EFBC}") = "Skoomber", "Skoomber\Skoomber.csproj", "{9C7F339A-DF4B-4103-8F8F-234AA6B18B49}"
EndProject
Global
	GlobalSection(SolutionConfigurationPlatforms) = preSolution
		Debug|Any CPU = Debug|Any CPU
		Release|Any CPU = Release|Any CPU
	EndGlobalSection
	GlobalSection(ProjectConfigurationPlatforms) = postSolution
		{9C7F339A-DF4B-4103-8F8F-234AA6B18B49}.Debug|Any CPU.ActiveCfg = Debug|Any CPU
		{9C7F339A-DF4B-4103-8F8F-234AA6B18B49}.Debug|Any CPU.Build.0 = Debug|Any CPU
		{9C7F339A-DF4B-4103-8F8F-234AA6B18B49}.Release|Any CPU.ActiveCfg = Release|Any CPU
		{9C7F339A-DF4B-4103-8F8F-234AA6B18B49}.Release|Any CPU.Build.0 = Release|Any CPU
	EndGlobalSection
	GlobalSection(SolutionProperties) = preSolution
		HideSolutionNode = FALSE
	EndGlobalSection
	GlobalSection(ExtensibilityGlobals) = postSolution
		SolutionGuid = {C8F0671B-F89F-4201-8B84-D94F3CB65A55}
	EndGlobalSection
EndGlobal
